
Microsoft Visual Studio Solution File, Format Version 12.00
# Visual Studio 14
VisualStudioVersion = 14.0.23107.0
MinimumVisualStudioVersion = 10.0.40219.1
Project("{2150E333-8FDC-42A3-9474-1A3956D46DE8}") = "src", "src", "{F34B922D-39F1-40A6-861A-E27129F9A139}"
EndProject
Project("{2150E333-8FDC-42A3-9474-1A3956D46DE8}") = "Solution Items", "Solution Items", "{FCDB31EF-508E-4B86-A9FC-6678811BD878}"
	ProjectSection(SolutionItems) = preProject
		build.cmd = build.cmd
		global.json = global.json
		NuGet.Config = NuGet.Config
		README.md = README.md
	EndProjectSection
EndProject
Project("{8BB2217D-0F2D-49D1-97BC-3654ED321F3B}") = "Tmds.SockJS", "src\Tmds.SockJS\Tmds.SockJS.xproj", "{4A88D98A-3BB3-480A-964C-B3DDCAE606F6}"
EndProject
Project("{2150E333-8FDC-42A3-9474-1A3956D46DE8}") = "test", "test", "{877E1628-6B7B-4E5A-9C7E-509FA763D0F0}"
EndProject
Project("{2150E333-8FDC-42A3-9474-1A3956D46DE8}") = "WebSites", "WebSites", "{B697F7E5-DD6D-49C9-B1E0-873FB564609B}"
EndProject
Project("{8BB2217D-0F2D-49D1-97BC-3654ED321F3B}") = "Tmds.WebSockets", "src\Tmds.WebSockets\Tmds.WebSockets.xproj", "{4D6D0D99-C0EF-4A7C-BDBD-C578DAF3B763}"
EndProject
Project("{8BB2217D-0F2D-49D1-97BC-3654ED321F3B}") = "TestWebSite", "test\WebSites\TestWebSite\TestWebSite.xproj", "{1F45DD9A-C63E-4290-AAA4-DB00FABE9B3B}"
EndProject
Project("{8BB2217D-0F2D-49D1-97BC-3654ED321F3B}") = "Tmds.SockJS.Tests", "test\Tmds.SockJS.Tests\Tmds.SockJS.Tests.xproj", "{6F251BBD-FA40-4FE5-B8BD-BD41A057079B}"
EndProject
Global
	GlobalSection(SolutionConfigurationPlatforms) = preSolution
		Debug|Any CPU = Debug|Any CPU
		Release|Any CPU = Release|Any CPU
	EndGlobalSection
	GlobalSection(ProjectConfigurationPlatforms) = postSolution
		{4A88D98A-3BB3-480A-964C-B3DDCAE606F6}.Debug|Any CPU.ActiveCfg = Debug|Any CPU
		{4A88D98A-3BB3-480A-964C-B3DDCAE606F6}.Debug|Any CPU.Build.0 = Debug|Any CPU
		{4A88D98A-3BB3-480A-964C-B3DDCAE606F6}.Release|Any CPU.ActiveCfg = Release|Any CPU
		{4A88D98A-3BB3-480A-964C-B3DDCAE606F6}.Release|Any CPU.Build.0 = Release|Any CPU
		{4D6D0D99-C0EF-4A7C-BDBD-C578DAF3B763}.Debug|Any CPU.ActiveCfg = Debug|Any CPU
		{4D6D0D99-C0EF-4A7C-BDBD-C578DAF3B763}.Debug|Any CPU.Build.0 = Debug|Any CPU
		{4D6D0D99-C0EF-4A7C-BDBD-C578DAF3B763}.Release|Any CPU.ActiveCfg = Release|Any CPU
		{4D6D0D99-C0EF-4A7C-BDBD-C578DAF3B763}.Release|Any CPU.Build.0 = Release|Any CPU
		{1F45DD9A-C63E-4290-AAA4-DB00FABE9B3B}.Debug|Any CPU.ActiveCfg = Debug|Any CPU
		{1F45DD9A-C63E-4290-AAA4-DB00FABE9B3B}.Debug|Any CPU.Build.0 = Debug|Any CPU
		{1F45DD9A-C63E-4290-AAA4-DB00FABE9B3B}.Release|Any CPU.ActiveCfg = Release|Any CPU
		{1F45DD9A-C63E-4290-AAA4-DB00FABE9B3B}.Release|Any CPU.Build.0 = Release|Any CPU
		{6F251BBD-FA40-4FE5-B8BD-BD41A057079B}.Debug|Any CPU.ActiveCfg = Debug|Any CPU
		{6F251BBD-FA40-4FE5-B8BD-BD41A057079B}.Debug|Any CPU.Build.0 = Debug|Any CPU
		{6F251BBD-FA40-4FE5-B8BD-BD41A057079B}.Release|Any CPU.ActiveCfg = Release|Any CPU
		{6F251BBD-FA40-4FE5-B8BD-BD41A057079B}.Release|Any CPU.Build.0 = Release|Any CPU
	EndGlobalSection
	GlobalSection(SolutionProperties) = preSolution
		HideSolutionNode = FALSE
	EndGlobalSection
	GlobalSection(NestedProjects) = preSolution
		{4A88D98A-3BB3-480A-964C-B3DDCAE606F6} = {F34B922D-39F1-40A6-861A-E27129F9A139}
		{B697F7E5-DD6D-49C9-B1E0-873FB564609B} = {877E1628-6B7B-4E5A-9C7E-509FA763D0F0}
		{4D6D0D99-C0EF-4A7C-BDBD-C578DAF3B763} = {F34B922D-39F1-40A6-861A-E27129F9A139}
		{1F45DD9A-C63E-4290-AAA4-DB00FABE9B3B} = {B697F7E5-DD6D-49C9-B1E0-873FB564609B}
		{6F251BBD-FA40-4FE5-B8BD-BD41A057079B} = {877E1628-6B7B-4E5A-9C7E-509FA763D0F0}
	EndGlobalSection
EndGlobal
